{
    "_readme": [
        "This file locks the dependencies of your project to a known state",
        "Read more about it at https://getcomposer.org/doc/01-basic-usage.md#composer-lock-the-lock-file",
        "This file is @generated automatically"
    ],
    "hash": "2715bd504790a6320ac5decbfb4ad173",
    "content-hash": "32a8b55ab06d6676ce548bf53097f808",
    "packages": [
        {
            "name": "container-interop/container-interop",
            "version": "1.1.0",
            "source": {
                "type": "git",
                "url": "https://github.com/container-interop/container-interop.git",
                "reference": "fc08354828f8fd3245f77a66b9e23a6bca48297e"
            },
            "dist": {
                "type": "zip",
                "url": "https://packagist.phpcomposer.com/files/container-interop/container-interop/fc08354828f8fd3245f77a66b9e23a6bca48297e.zip",
                "reference": "fc08354828f8fd3245f77a66b9e23a6bca48297e",
                "shasum": ""
            },
            "type": "library",
            "autoload": {
                "psr-4": {
                    "Interop\\Container\\": "src/Interop/Container/"
                }
            },
            "notification-url": "https://packagist.org/downloads/",
            "license": [
                "MIT"
            ],
            "description": "Promoting the interoperability of container objects (DIC, SL, etc.)",
            "time": "2014-12-30 15:22:37"
        },
        {
            "name": "josegonzalez/dotenv",
            "version": "2.0.0",
            "source": {
                "type": "git",
                "url": "https://github.com/josegonzalez/php-dotenv.git",
                "reference": "eb9eb3beea37411d2f7b4960eed94fc72a592488"
            },
            "dist": {
                "type": "zip",
                "url": "https://packagist.phpcomposer.com/files/josegonzalez/php-dotenv/eb9eb3beea37411d2f7b4960eed94fc72a592488.zip",
                "reference": "eb9eb3beea37411d2f7b4960eed94fc72a592488",
                "shasum": ""
            },
            "require": {
                "m1/env": "2.*",
                "php": ">=5.3.0"
            },
            "require-dev": {
                "satooshi/php-coveralls": "1.*",
                "squizlabs/php_codesniffer": "2.*"
            },
            "type": "library",
            "autoload": {
                "psr-0": {
                    "josegonzalez\\Dotenv": [
                        "src",
                        "tests"
                    ]
                }
            },
            "notification-url": "https://packagist.org/downloads/",
            "license": [
                "MIT"
            ],
            "authors": [
                {
                    "name": "Jose Diaz-Gonzalez",
                    "email": "dotenv@josegonzalez.com",
                    "homepage": "http://josediazgonzalez.com",
                    "role": "Maintainer"
                }
            ],
            "description": "dotenv file parsing for PHP",
            "homepage": "https://github.com/josegonzalez/php-dotenv",
            "keywords": [
                "configuration",
                "dotenv",
                "php"
            ],
            "time": "2016-01-07 16:07:20"
        },
        {
            "name": "league/container",
            "version": "2.2.0",
            "source": {
                "type": "git",
                "url": "https://github.com/thephpleague/container.git",
                "reference": "c0e7d947b690891f700dc4967ead7bdb3d6708c1"
            },
            "dist": {
                "type": "zip",
                "url": "https://packagist.phpcomposer.com/files/thephpleague/container/c0e7d947b690891f700dc4967ead7bdb3d6708c1.zip",
                "reference": "c0e7d947b690891f700dc4967ead7bdb3d6708c1",
                "shasum": ""
            },
            "require": {
                "container-interop/container-interop": "^1.1",
                "php": ">=5.4.0"
            },
            "provide": {
                "container-interop/container-interop-implementation": "^1.1"
            },
            "replace": {
                "orno/di": "~2.0"
            },
            "require-dev": {
                "phpunit/phpunit": "4.*"
            },
            "type": "library",
            "extra": {
                "branch-alias": {
                    "dev-master": "2.x-dev",
                    "dev-1.x": "1.x-dev"
                }
            },
            "autoload": {
                "psr-4": {
                    "League\\Container\\": "src"
                }
            },
            "notification-url": "https://packagist.org/downloads/",
            "license": [
                "MIT"
            ],
            "authors": [
                {
                    "name": "Phil Bennett",
                    "email": "philipobenito@gmail.com",
                    "homepage": "http://www.philipobenito.com",
                    "role": "Developer"
                }
            ],
            "description": "A fast and intuitive dependency injection container.",
            "homepage": "https://github.com/thephpleague/container",
            "keywords": [
                "container",
                "dependency",
                "di",
                "injection",
                "league",
                "provider",
                "service"
            ],
            "time": "2016-03-17 11:07:59"
        },
        {
            "name": "league/route",
            "version": "2.0.0",
            "source": {
                "type": "git",
                "url": "https://github.com/thephpleague/route.git",
                "reference": "421ea69727b95b4d72bb9de2e847fff98db4fd51"
            },
            "dist": {
                "type": "zip",
                "url": "https://packagist.phpcomposer.com/files/thephpleague/route/421ea69727b95b4d72bb9de2e847fff98db4fd51.zip",
                "reference": "421ea69727b95b4d72bb9de2e847fff98db4fd51",
                "shasum": ""
            },
            "require": {
                "league/container": "^2.0",
                "nikic/fast-route": "^0.7",
                "php": ">=5.4.0",
                "psr/http-message": "^1.0"
            },
            "replace": {
                "orno/http": "~1.0",
                "orno/route": "~1.0"
            },
            "require-dev": {
                "phpunit/phpunit": "^4.0"
            },
            "type": "library",
            "extra": {
                "branch-alias": {
                    "dev-master": "2.x-dev",
                    "1.x": "1.x-dev"
                }
            },
            "autoload": {
                "psr-4": {
                    "League\\Route\\": "src"
                }
            },
            "notification-url": "https://packagist.org/downloads/",
            "license": [
                "MIT"
            ],
            "authors": [
                {
                    "name": "Phil Bennett",
                    "email": "philipobenito@gmail.com",
                    "homepage": "http://www.philipobenito.com",
                    "role": "Developer"
                }
            ],
            "description": "A fast routing and dispatch package built on top of FastRoute.",
            "homepage": "https://github.com/thephpleague/route",
            "keywords": [
                "dispatcher",
                "league",
                "psr-7",
                "psr7",
                "route"
            ],
            "time": "2016-03-11 13:53:55"
        },
        {
            "name": "m1/env",
            "version": "2.1.0",
            "source": {
                "type": "git",
                "url": "https://github.com/m1/Env.git",
                "reference": "d87eddd031f2aa5450fa04bb1325de8a489b3cd0"
            },
            "dist": {
                "type": "zip",
                "url": "https://packagist.phpcomposer.com/files/m1/Env/d87eddd031f2aa5450fa04bb1325de8a489b3cd0.zip",
                "reference": "d87eddd031f2aa5450fa04bb1325de8a489b3cd0",
                "shasum": ""
            },
            "require": {
                "php": ">=5.3.0"
            },
            "require-dev": {
                "phpunit/phpunit": "4.*",
                "scrutinizer/ocular": "~1.1",
                "squizlabs/php_codesniffer": "^2.3"
            },
            "suggest": {
                "josegonzalez/dotenv": "For loading of .env",
                "m1/vars": "For loading of configs"
            },
            "type": "library",
            "autoload": {
                "psr-4": {
                    "M1\\Env\\": "src"
                }
            },
            "notification-url": "https://packagist.org/downloads/",
            "license": [
                "MIT"
            ],
            "authors": [
                {
                    "name": "Miles Croxford",
                    "email": "hello@milescroxford.com",
                    "homepage": "http://milescroxford.com",
                    "role": "Developer"
                }
            ],
            "description": "Env is a lightweight library bringing .env file parser compatibility to PHP. In short - it enables you to read .env files with PHP.",
            "homepage": "https://github.com/m1/Env",
            "keywords": [
                ".env",
                "config",
                "dotenv",
                "env",
                "loader",
                "m1",
                "parser",
                "support"
            ],
            "time": "2016-10-06 19:31:28"
        },
        {
            "name": "nikic/fast-route",
            "version": "v0.7.0",
            "source": {
                "type": "git",
                "url": "https://github.com/nikic/FastRoute.git",
                "reference": "8164b4a0d8afde4eae5f1bfc39084972ba23ad36"
            },
            "dist": {
                "type": "zip",
                "url": "https://packagist.phpcomposer.com/files/nikic/FastRoute/8164b4a0d8afde4eae5f1bfc39084972ba23ad36.zip",
                "reference": "8164b4a0d8afde4eae5f1bfc39084972ba23ad36",
                "shasum": ""
            },
            "require": {
                "php": ">=5.4.0"
            },
            "type": "library",
            "autoload": {
                "psr-4": {
                    "FastRoute\\": "src/"
                },
                "files": [
                    "src/functions.php"
                ]
            },
            "notification-url": "https://packagist.org/downloads/",
            "license": [
                "BSD-3-Clause"
            ],
            "authors": [
                {
                    "name": "Nikita Popov",
                    "email": "nikic@php.net"
                }
            ],
            "description": "Fast request router for PHP",
            "keywords": [
                "router",
                "routing"
            ],
            "time": "2015-12-20 19:50:12"
        },
        {
            "name": "psr/http-message",
            "version": "1.0.1",
            "source": {
                "type": "git",
                "url": "https://github.com/php-fig/http-message.git",
                "reference": "f6561bf28d520154e4b0ec72be95418abe6d9363"
            },
            "dist": {
                "type": "zip",
                "url": "https://packagist.phpcomposer.com/files/php-fig/http-message/f6561bf28d520154e4b0ec72be95418abe6d9363.zip",
                "reference": "f6561bf28d520154e4b0ec72be95418abe6d9363",
                "shasum": ""
            },
            "require": {
                "php": ">=5.3.0"
            },
            "type": "library",
            "extra": {
                "branch-alias": {
                    "dev-master": "1.0.x-dev"
                }
            },
            "autoload": {
                "psr-4": {
                    "Psr\\Http\\Message\\": "src/"
                }
            },
            "notification-url": "https://packagist.org/downloads/",
            "license": [
                "MIT"
            ],
            "authors": [
                {
                    "name": "PHP-FIG",
                    "homepage": "http://www.php-fig.org/"
                }
            ],
            "description": "Common interface for HTTP messages",
            "homepage": "https://github.com/php-fig/http-message",
            "keywords": [
                "http",
                "http-message",
                "psr",
                "psr-7",
                "request",
                "response"
            ],
            "time": "2016-08-06 14:39:51"
        },
        {
            "name": "symfony/yaml",
            "version": "v2.8.13",
            "source": {
                "type": "git",
                "url": "https://github.com/symfony/yaml.git",
                "reference": "396784cd06b91f3db576f248f2402d547a077787"
            },
            "dist": {
                "type": "zip",
                "url": "https://packagist.phpcomposer.com/files/symfony/yaml/396784cd06b91f3db576f248f2402d547a077787.zip",
                "reference": "396784cd06b91f3db576f248f2402d547a077787",
                "shasum": ""
            },
            "require": {
                "php": ">=5.3.9"
            },
            "type": "library",
            "extra": {
                "branch-alias": {
                    "dev-master": "2.8-dev"
                }
            },
            "autoload": {
                "psr-4": {
                    "Symfony\\Component\\Yaml\\": ""
                },
                "exclude-from-classmap": [
                    "/Tests/"
                ]
            },
            "notification-url": "https://packagist.org/downloads/",
            "license": [
                "MIT"
            ],
            "authors": [
                {
                    "name": "Fabien Potencier",
                    "email": "fabien@symfony.com"
                },
                {
                    "name": "Symfony Community",
                    "homepage": "https://symfony.com/contributors"
                }
            ],
            "description": "Symfony Yaml Component",
            "homepage": "https://symfony.com",
            "time": "2016-10-21 20:59:10"
        },
        {
            "name": "twig/twig",
            "version": "v1.27.0",
            "source": {
                "type": "git",
                "url": "https://github.com/twigphp/Twig.git",
                "reference": "3c6c0033fd3b5679c6e1cb60f4f9766c2b424d97"
            },
            "dist": {
                "type": "zip",
                "url": "https://packagist.phpcomposer.com/files/twigphp/Twig/3c6c0033fd3b5679c6e1cb60f4f9766c2b424d97.zip",
                "reference": "3c6c0033fd3b5679c6e1cb60f4f9766c2b424d97",
                "shasum": ""
            },
            "require": {
                "php": ">=5.2.7"
            },
            "require-dev": {
                "symfony/debug": "~2.7",
                "symfony/phpunit-bridge": "~2.7"
            },
            "type": "library",
            "extra": {
                "branch-alias": {
                    "dev-master": "1.27-dev"
                }
            },
            "autoload": {
                "psr-0": {
                    "Twig_": "lib/"
                }
            },
            "notification-url": "https://packagist.org/downloads/",
            "license": [
                "BSD-3-Clause"
            ],
            "authors": [
                {
                    "name": "Fabien Potencier",
                    "email": "fabien@symfony.com",
                    "homepage": "http://fabien.potencier.org",
                    "role": "Lead Developer"
                },
                {
                    "name": "Armin Ronacher",
                    "email": "armin.ronacher@active-4.com",
                    "role": "Project Founder"
                },
                {
                    "name": "Twig Team",
                    "homepage": "http://twig.sensiolabs.org/contributors",
                    "role": "Contributors"
                }
            ],
            "description": "Twig, the flexible, fast, and secure template language for PHP",
            "homepage": "http://twig.sensiolabs.org",
            "keywords": [
                "templating"
            ],
            "time": "2016-10-25 19:17:17"
        },
        {
            "name": "zendframework/zend-diactoros",
            "version": "1.3.7",
            "source": {
                "type": "git",
                "url": "https://github.com/zendframework/zend-diactoros.git",
                "reference": "969ff423d3f201da3ff718a5831bb999bb0669b0"
            },
            "dist": {
                "type": "zip",
                "url": "https://packagist.phpcomposer.com/files/zendframework/zend-diactoros/969ff423d3f201da3ff718a5831bb999bb0669b0.zip",
                "reference": "969ff423d3f201da3ff718a5831bb999bb0669b0",
                "shasum": ""
            },
            "require": {
                "php": "^5.4 || ^7.0",
                "psr/http-message": "~1.0"
            },
            "provide": {
                "psr/http-message-implementation": "~1.0.0"
            },
            "require-dev": {
                "phpunit/phpunit": "^4.6 || ^5.5",
                "squizlabs/php_codesniffer": "^2.3.1"
            },
            "type": "library",
            "extra": {
                "branch-alias": {
                    "dev-master": "1.3-dev",
                    "dev-develop": "1.4-dev"
                }
            },
            "autoload": {
                "psr-4": {
                    "Zend\\Diactoros\\": "src/"
                }
            },
            "notification-url": "https://packagist.org/downloads/",
            "license": [
                "BSD-2-Clause"
            ],
            "description": "PSR HTTP Message implementations",
            "homepage": "https://github.com/zendframework/zend-diactoros",
            "keywords": [
                "http",
                "psr",
                "psr-7"
            ],
            "time": "2016-10-11 13:25:21"
        }
    ],
    "packages-dev": [],
    "aliases": [],
    "minimum-stability": "stable",
    "stability-flags": [],
    "prefer-stable": false,
    "prefer-lowest": false,
    "platform": [],
    "platform-dev": []
}
