{
    "_readme": [
        "This file locks the dependencies of your project to a known state",
        "Read more about it at https://getcomposer.org/doc/01-basic-usage.md#composer-lock-the-lock-file",
        "This file is @generated automatically"
    ],
    "hash": "7e73167893417c55be2bbd890aebd260",
    "content-hash": "edf2593c41a69ed60e44b2492c302e68",
    "packages": [
        {
            "name": "beberlei/assert",
            "version": "v2.6.6",
            "source": {
                "type": "git",
                "url": "https://github.com/beberlei/assert.git",
                "reference": "f567e3e4bce5419bccb9e9b1faf8d4ca9b2f5055"
            },
            "dist": {
                "type": "zip",
                "url": "https://packagist.phpcomposer.com/files/beberlei/assert/f567e3e4bce5419bccb9e9b1faf8d4ca9b2f5055.zip",
                "reference": "f567e3e4bce5419bccb9e9b1faf8d4ca9b2f5055",
                "shasum": ""
            },
            "require": {
                "ext-mbstring": "*",
                "php": ">=5.3"
            },
            "require-dev": {
                "friendsofphp/php-cs-fixer": "2.0.0-alpha",
                "phpunit/phpunit": "@stable"
            },
            "type": "library",
            "autoload": {
                "psr-0": {
                    "Assert": "lib/"
                },
                "files": [
                    "lib/Assert/functions.php"
                ]
            },
            "notification-url": "https://packagist.org/downloads/",
            "license": [
                "BSD-2-Clause"
            ],
            "authors": [
                {
                    "name": "Benjamin Eberlei",
                    "email": "kontakt@beberlei.de",
                    "role": "Lead Developer"
                },
                {
                    "name": "Richard Quadling",
                    "email": "rquadling@gmail.com",
                    "role": "Collaborator"
                }
            ],
            "description": "Thin assertion library for input validation in business models.",
            "keywords": [
                "assert",
                "assertion",
                "validation"
            ],
            "time": "2016-10-31 12:09:54"
        },
        {
            "name": "container-interop/container-interop",
            "version": "1.1.0",
            "source": {
                "type": "git",
                "url": "https://github.com/container-interop/container-interop.git",
                "reference": "fc08354828f8fd3245f77a66b9e23a6bca48297e"
            },
            "dist": {
                "type": "zip",
                "url": "https://packagist.phpcomposer.com/files/container-interop/container-interop/fc08354828f8fd3245f77a66b9e23a6bca48297e.zip",
                "reference": "fc08354828f8fd3245f77a66b9e23a6bca48297e",
                "shasum": ""
            },
            "type": "library",
            "autoload": {
                "psr-4": {
                    "Interop\\Container\\": "src/Interop/Container/"
                }
            },
            "notification-url": "https://packagist.org/downloads/",
            "license": [
                "MIT"
            ],
            "description": "Promoting the interoperability of container objects (DIC, SL, etc.)",
            "time": "2014-12-30 15:22:37"
        },
        {
            "name": "league/container",
            "version": "2.2.0",
            "source": {
                "type": "git",
                "url": "https://github.com/thephpleague/container.git",
                "reference": "c0e7d947b690891f700dc4967ead7bdb3d6708c1"
            },
            "dist": {
                "type": "zip",
                "url": "https://packagist.phpcomposer.com/files/thephpleague/container/c0e7d947b690891f700dc4967ead7bdb3d6708c1.zip",
                "reference": "c0e7d947b690891f700dc4967ead7bdb3d6708c1",
                "shasum": ""
            },
            "require": {
                "container-interop/container-interop": "^1.1",
                "php": ">=5.4.0"
            },
            "provide": {
                "container-interop/container-interop-implementation": "^1.1"
            },
            "replace": {
                "orno/di": "~2.0"
            },
            "require-dev": {
                "phpunit/phpunit": "4.*"
            },
            "type": "library",
            "extra": {
                "branch-alias": {
                    "dev-master": "2.x-dev",
                    "dev-1.x": "1.x-dev"
                }
            },
            "autoload": {
                "psr-4": {
                    "League\\Container\\": "src"
                }
            },
            "notification-url": "https://packagist.org/downloads/",
            "license": [
                "MIT"
            ],
            "authors": [
                {
                    "name": "Phil Bennett",
                    "email": "philipobenito@gmail.com",
                    "homepage": "http://www.philipobenito.com",
                    "role": "Developer"
                }
            ],
            "description": "A fast and intuitive dependency injection container.",
            "homepage": "https://github.com/thephpleague/container",
            "keywords": [
                "container",
                "dependency",
                "di",
                "injection",
                "league",
                "provider",
                "service"
            ],
            "time": "2016-03-17 11:07:59"
        },
        {
            "name": "tomphp/container-configurator",
            "version": "v1.0.0",
            "source": {
                "type": "git",
                "url": "https://github.com/tomphp/container-configurator.git",
                "reference": "1b61418002e87f4730c6461243d216983b02ae4d"
            },
            "dist": {
                "type": "zip",
                "url": "https://packagist.phpcomposer.com/files/tomphp/container-configurator/1b61418002e87f4730c6461243d216983b02ae4d.zip",
                "reference": "1b61418002e87f4730c6461243d216983b02ae4d",
                "shasum": ""
            },
            "require": {
                "beberlei/assert": "^2.6",
                "php": "^5.6|^7.0",
                "tomphp/exception-constructor-tools": "^1.0.0"
            },
            "require-dev": {
                "friendsofphp/php-cs-fixer": "2.0.0-alpha",
                "league/container": "^2.0.2",
                "phpunit/phpunit": "^5.5.4",
                "pimple/pimple": "^3.0.0",
                "squizlabs/php_codesniffer": "*",
                "symfony/yaml": "^3.1.4"
            },
            "suggest": {
                "league/container": "Small but powerful dependency injection container http://container.thephpleague.com",
                "pimple/pimple": "A small PHP 5.3 dependency injection container http://pimple.sensiolabs.org",
                "symfony/yaml": "For reading configuration from YAML files"
            },
            "type": "library",
            "autoload": {
                "psr-4": {
                    "TomPHP\\ContainerConfigurator\\": "src/"
                }
            },
            "notification-url": "https://packagist.org/downloads/",
            "license": [
                "MIT"
            ],
            "authors": [
                {
                    "name": "Tom Oram",
                    "email": "tom@x2k.co.uk",
                    "homepage": "https://github.com/tomphp",
                    "role": "Developer"
                }
            ],
            "description": "Configure your application and the Dependency Injection Container (DIC) via config arrays or config files.",
            "homepage": "https://github.com/tomphp/config-service-provider",
            "keywords": [
                "container",
                "dependency injection",
                "di",
                "league"
            ],
            "time": "2016-10-31 18:34:14"
        },
        {
            "name": "tomphp/exception-constructor-tools",
            "version": "v1.0.0",
            "source": {
                "type": "git",
                "url": "https://github.com/tomphp/exception-constructor-tools.git",
                "reference": "f01db0b3d4c370b45543364883aac2babeafa24f"
            },
            "dist": {
                "type": "zip",
                "url": "https://packagist.phpcomposer.com/files/tomphp/exception-constructor-tools/f01db0b3d4c370b45543364883aac2babeafa24f.zip",
                "reference": "f01db0b3d4c370b45543364883aac2babeafa24f",
                "shasum": ""
            },
            "require": {
                "php": "^5.6|^7.0"
            },
            "require-dev": {
                "friendsofphp/php-cs-fixer": "^1.10",
                "phpunit/phpunit": "^5.5",
                "squizlabs/php_codesniffer": "*"
            },
            "type": "library",
            "autoload": {
                "psr-4": {
                    "TomPHP\\": "src/"
                }
            },
            "notification-url": "https://packagist.org/downloads/",
            "license": [
                "MIT"
            ],
            "authors": [
                {
                    "name": "Tom Oram",
                    "email": "tom@codept.com",
                    "homepage": "https://github.com/tomphp",
                    "role": "Developer"
                }
            ],
            "description": "A simple PHP trait which makes creating static constructors for exceptions nicer.",
            "homepage": "https://github.com/tomphp/exception-constructor-tools",
            "keywords": [
                "constructor",
                "exception",
                "static"
            ],
            "time": "2016-09-09 09:30:00"
        }
    ],
    "packages-dev": [],
    "aliases": [],
    "minimum-stability": "stable",
    "stability-flags": [],
    "prefer-stable": false,
    "prefer-lowest": false,
    "platform": [],
    "platform-dev": []
}
